{
  "projects": [
    {
      "projectId": "YUiM7yqBWAqsh8KSnrdj7",
      "version": "0.20.0",
      "dependencies": {},
      "lang": "js",
      "fileLocks": [
        {
          "assetId": "YUiM7yqBWAqsh8KSnrdj7",
          "type": "projectCss",
          "checksum": "dac72600b04b6e6a3014e82512a15fe1"
        }
      ],
      "codegenVersion": "0.0.1"
    },
    {
      "projectId": "ohDidvG9XsCeFumugENU3J",
      "version": "4.7.0",
      "dependencies": {},
      "lang": "js",
      "fileLocks": [
        {
          "assetId": "ohDidvG9XsCeFumugENU3J",
          "type": "projectCss",
          "checksum": "fd83b730367fdbde2c69bc6cf31c2a3c"
        },
        {
          "assetId": "ohDidvG9XsCeFumugENU3J",
          "checksum": "8f45a75070e2f0edc34a4dc3d5f6b736",
          "type": "globalContexts"
        }
      ],
      "codegenVersion": "0.0.1"
    },
    {
      "projectId": "xp1p7dmg329XVLHyuEUxD2",
      "version": "11.20.0",
      "dependencies": {},
      "lang": "js",
      "fileLocks": [
        {
          "assetId": "xp1p7dmg329XVLHyuEUxD2",
          "type": "projectCss",
          "checksum": "1b891cf9539f1db972dc4163ae1172e9"
        }
      ],
      "codegenVersion": "0.0.1"
    },
    {
      "projectId": "tQ4uKe7Uas9vGGmz8rwqFD",
      "version": "latest",
      "dependencies": {
        "xp1p7dmg329XVLHyuEUxD2": "11.20.0",
        "ohDidvG9XsCeFumugENU3J": "4.7.0",
        "YUiM7yqBWAqsh8KSnrdj7": "0.20.0"
      },
      "lang": "js",
      "fileLocks": [
        {
          "type": "globalVariant",
          "assetId": "Va6fe62-C4IhBH",
          "checksum": "e239c0d64ff4934c6e283f73fb4afc96"
        },
        {
          "assetId": "tQ4uKe7Uas9vGGmz8rwqFD",
          "type": "projectCss",
          "checksum": "9da07f677ca3b07c41d90ab3fa3a54c0"
        },
        {
          "assetId": "tQ4uKe7Uas9vGGmz8rwqFD",
          "checksum": "d081cdc33d8ff08a431e124bd04e74b2",
          "type": "globalContexts"
        },
        {
          "type": "renderModule",
          "assetId": "RnFvAGu6j-dUC",
          "checksum": "26a7c7983f27369898f541844d05b291"
        },
        {
          "type": "cssRules",
          "assetId": "RnFvAGu6j-dUC",
          "checksum": "26a7c7983f27369898f541844d05b291"
        },
        {
          "type": "renderModule",
          "assetId": "4UjLGoDFJWI",
          "checksum": "a1cb4e6f435685bc0314b78fe8216d80"
        },
        {
          "type": "cssRules",
          "assetId": "4UjLGoDFJWI",
          "checksum": "a1cb4e6f435685bc0314b78fe8216d80"
        },
        {
          "type": "renderModule",
          "assetId": "3cFA07Ea6yM",
          "checksum": "16a4d49c1deea2f1913d663f9dec87d4"
        },
        {
          "type": "cssRules",
          "assetId": "3cFA07Ea6yM",
          "checksum": "16a4d49c1deea2f1913d663f9dec87d4"
        },
        {
          "type": "renderModule",
          "assetId": "hOJJrxZYnT",
          "checksum": "a088ebb4e0bdad7be1f4d31c5bbdedfa"
        },
        {
          "type": "cssRules",
          "assetId": "hOJJrxZYnT",
          "checksum": "a088ebb4e0bdad7be1f4d31c5bbdedfa"
        },
        {
          "type": "icon",
          "assetId": "UPW4Bck43",
          "checksum": "9fdc0e12b7f074d0855f96f5eb6f4b53"
        },
        {
          "type": "icon",
          "assetId": "jhTgm0XrJA",
          "checksum": "5b5b0d524bfa00618cf6378652485bf1"
        },
        {
          "type": "icon",
          "assetId": "KVS13k-6G9",
          "checksum": "97987c9ef0f31441509e81e9c502dd7a"
        },
        {
          "type": "icon",
          "assetId": "ucU5gtQQ4x",
          "checksum": "5d3c2a46b0e9e502037a2478f76e5433"
        },
        {
          "type": "icon",
          "assetId": "LXrY-bcVA3",
          "checksum": "8590ba2bb985c7ccc2e9706378bed002"
        },
        {
          "type": "icon",
          "assetId": "yWV16ChGcG",
          "checksum": "2b394bbe8184d1027a31c6f10c92fdef"
        },
        {
          "type": "icon",
          "assetId": "xjB9LTJiPc",
          "checksum": "8ec5efe2843ad4f0d6cb74a566edb145"
        },
        {
          "type": "icon",
          "assetId": "e8msfOhudc",
          "checksum": "2e6063fa2bdbbc37bd7a381347b40dee"
        },
        {
          "type": "icon",
          "assetId": "HuSxt3bKEP",
          "checksum": "5ded7e62bb315c55a43b4d8ff66e9f56"
        },
        {
          "type": "icon",
          "assetId": "chrsjN_pJD",
          "checksum": "c0a4faaa7f75d9eb43f14bd0d121c430"
        },
        {
          "type": "icon",
          "assetId": "HwWk3Yk6XY",
          "checksum": "eb589e120dfec5b1dba5f6f4c0bc6af9"
        },
        {
          "type": "icon",
          "assetId": "wnu4MDbd4M",
          "checksum": "4262c66f11e9bd354077788b0d28f5e5"
        },
        {
          "type": "icon",
          "assetId": "cYafWHlRIi",
          "checksum": "a83e1d7e355190bf9ea06e64c6ab3dac"
        },
        {
          "type": "icon",
          "assetId": "QJEQkZJKKt",
          "checksum": "a359af8ed0aad086621bf323142571e2"
        },
        {
          "type": "icon",
          "assetId": "h0uw2C5oMT",
          "checksum": "1fa27a173f319ef7a324562d78df1dec"
        },
        {
          "type": "icon",
          "assetId": "Eed4W38b2M",
          "checksum": "e41edd7a328eaea9a653e3174d4f35ca"
        },
        {
          "type": "icon",
          "assetId": "mlk7_Supsui",
          "checksum": "df25e42dc61b60f53770381a6c6066bf"
        },
        {
          "type": "icon",
          "assetId": "U5KigrmThLP",
          "checksum": "361667c7e612fd6fd1be3fc8bdd4b155"
        },
        {
          "type": "icon",
          "assetId": "rsv6OoN4skaw",
          "checksum": "c6dd3dc2f91988eae0a8828b5da6a7b1"
        },
        {
          "type": "icon",
          "assetId": "zWDYgFtjGrp2",
          "checksum": "593eb0480ed1c607f4ecd9eec4267ef2"
        },
        {
          "type": "icon",
          "assetId": "lbQRS-i-6IIE",
          "checksum": "592df0f53691a77cc50b0ccb715a2730"
        },
        {
          "type": "icon",
          "assetId": "2kvX-R7ICv3C",
          "checksum": "88003badcaf3516fb3d6d6d00aebcc27"
        },
        {
          "type": "icon",
          "assetId": "2Ba676hK5LsF",
          "checksum": "ea68b7c2be91bc8af1fe353bf8453ee2"
        },
        {
          "type": "icon",
          "assetId": "eAY4hjMEH6Hk",
          "checksum": "5d808273f699255796183e37d4fac1b7"
        },
        {
          "type": "icon",
          "assetId": "qDb-NAxrjtRt",
          "checksum": "e5ba6a380044cc122a14dcd8421802a1"
        },
        {
          "type": "icon",
          "assetId": "n-f8ul3EYmB",
          "checksum": "c0701995f81dab3f70768e9478f66dca"
        },
        {
          "type": "icon",
          "assetId": "tX8-JdlfDDp",
          "checksum": "5b6d740b5df4b4607fdf59d0d4855f79"
        },
        {
          "type": "image",
          "assetId": "bu7lfOyir",
          "checksum": "bb013a98285bcfad7494197622c45c82"
        },
        {
          "type": "image",
          "assetId": "MWvzW-BwJ",
          "checksum": "fa8651872cd6466c432fba9b9788e430"
        },
        {
          "type": "image",
          "assetId": "iDEkqZQ2Wq",
          "checksum": "9ca03c5d17523d23dc330c51d42f7778"
        },
        {
          "type": "image",
          "assetId": "FlEwEv7L-L",
          "checksum": "f5774ebd83d0d62887f7457a33f1ec43"
        },
        {
          "type": "image",
          "assetId": "HzzBvGEG7Ou",
          "checksum": "ce7958dd54b5359f717da6e2bcf10b06"
        },
        {
          "type": "image",
          "assetId": "36mT_3DL_Rs",
          "checksum": "db7aa55f4776f4b622f35edeb685ab48"
        },
        {
          "type": "image",
          "assetId": "ymy8rOWwcpK",
          "checksum": "1adefd87f8bbd8f0c6705c13e2f10f60"
        },
        {
          "type": "image",
          "assetId": "kHWh0Q1kMYt",
          "checksum": "2ef7d3b8ac87e3fde3f2f20e3f86600e"
        },
        {
          "type": "image",
          "assetId": "1ImZ02zx0lK",
          "checksum": "5d914df9866cede2061a556e2f64044e"
        },
        {
          "type": "image",
          "assetId": "U3tbJTkdfDB",
          "checksum": "d39ce6567acc762b9c76ae96e1988920"
        },
        {
          "type": "image",
          "assetId": "mkpV6GT0Jfi",
          "checksum": "7df58a38ece927a3fc62056a75771e61"
        }
      ],
      "codegenVersion": "0.0.1"
    }
  ],
  "cliVersion": "0.1.300"
}
